PODS:
  - AdColony (4.1.3)
  - AppLovinSDK (6.11.1)
  - FBAudienceNetwork (5.6.1):
    - FBSDKCoreKit/Basics (>= 5.6.0)
  - FBSDKCoreKit/Basics (6.0.0)
  - Firebase/AdMob (6.16.0):
    - Firebase/CoreOnly
    - Google-Mobile-Ads-SDK (~> 7.50)
  - Firebase/Analytics (6.16.0):
    - Firebase/Core
  - Firebase/Core (6.16.0):
    - Firebase/CoreOnly
    - FirebaseAnalytics (= 6.2.2)
  - Firebase/CoreOnly (6.16.0):
    - FirebaseCore (= 6.6.1)
  - Firebase/Crashlytics (6.16.0):
    - Firebase/CoreOnly
    - FirebaseCrashlytics (~> 4.0.0-beta.2)
  - Firebase/RemoteConfig (6.16.0):
    - Firebase/CoreOnly
    - FirebaseRemoteConfig (~> 4.4.6)
  - FirebaseABTesting (3.1.2):
    - FirebaseAnalyticsInterop (~> 1.3)
    - FirebaseCore (~> 6.1)
    - Protobuf (>= 3.9.2, ~> 3.9)
  - FirebaseAnalytics (6.2.2):
    - FirebaseCore (~> 6.6)
    - FirebaseInstanceID (~> 4.3)
    - GoogleAppMeasurement (= 6.2.2)
    - GoogleUtilities/AppDelegateSwizzler (~> 6.0)
    - GoogleUtilities/MethodSwizzler (~> 6.0)
    - GoogleUtilities/Network (~> 6.0)
    - "GoogleUtilities/NSData+zlib (~> 6.0)"
    - nanopb (= 0.3.9011)
  - FirebaseAnalyticsInterop (1.5.0)
  - FirebaseCore (6.6.1):
    - FirebaseCoreDiagnostics (~> 1.2)
    - FirebaseCoreDiagnosticsInterop (~> 1.2)
    - GoogleUtilities/Environment (~> 6.5)
    - GoogleUtilities/Logger (~> 6.5)
  - FirebaseCoreDiagnostics (1.2.0):
    - FirebaseCoreDiagnosticsInterop (~> 1.2)
    - GoogleDataTransportCCTSupport (~> 1.3)
    - GoogleUtilities/Environment (~> 6.5)
    - GoogleUtilities/Logger (~> 6.5)
    - nanopb (~> 0.3.901)
  - FirebaseCoreDiagnosticsInterop (1.2.0)
  - FirebaseCrashlytics (4.0.0-beta.3):
    - FirebaseAnalyticsInterop (~> 1.2)
    - FirebaseCore (~> 6.6)
    - FirebaseInstanceID (~> 4.3)
    - PromisesObjC (~> 1.2)
  - FirebaseInstallations (1.1.0):
    - FirebaseCore (~> 6.6)
    - GoogleUtilities/UserDefaults (~> 6.5)
    - PromisesObjC (~> 1.2)
  - FirebaseInstanceID (4.3.0):
    - FirebaseCore (~> 6.6)
    - FirebaseInstallations (~> 1.0)
    - GoogleUtilities/Environment (~> 6.5)
    - GoogleUtilities/UserDefaults (~> 6.5)
  - FirebaseRemoteConfig (4.4.6):
    - FirebaseABTesting (~> 3.1)
    - FirebaseAnalyticsInterop (~> 1.4)
    - FirebaseCore (~> 6.2)
    - FirebaseInstanceID (~> 4.2)
    - GoogleUtilities/Environment (~> 6.2)
    - "GoogleUtilities/NSData+zlib (~> 6.2)"
    - Protobuf (>= 3.9.2, ~> 3.9)
  - Google-Mobile-Ads-SDK (7.55.0):
    - GoogleAppMeasurement (~> 6.0)
  - GoogleAppMeasurement (6.2.2):
    - GoogleUtilities/AppDelegateSwizzler (~> 6.0)
    - GoogleUtilities/MethodSwizzler (~> 6.0)
    - GoogleUtilities/Network (~> 6.0)
    - "GoogleUtilities/NSData+zlib (~> 6.0)"
    - nanopb (= 0.3.9011)
  - GoogleDataTransport (3.3.1)
  - GoogleDataTransportCCTSupport (1.3.1):
    - GoogleDataTransport (~> 3.3)
    - nanopb (~> 0.3.901)
  - GoogleMobileAdsMediationAdColony (4.1.3.0):
    - AdColony (= 4.1.3)
    - Google-Mobile-Ads-SDK (>= 7.55.0)
  - GoogleMobileAdsMediationAppLovin (6.11.1.0):
    - AppLovinSDK (= 6.11.1)
    - Google-Mobile-Ads-SDK (>= 7.53.1)
  - GoogleMobileAdsMediationFacebook (5.6.1.0):
    - FBAudienceNetwork (= 5.6.1)
    - Google-Mobile-Ads-SDK (>= 7.53.1)
  - GoogleMobileAdsMediationInMobi (9.0.0.0):
    - Google-Mobile-Ads-SDK (>= 7.53.1)
    - InMobiSDK (= 9.0.0)
  - GoogleMobileAdsMediationMoPub (5.10.0.0):
    - Google-Mobile-Ads-SDK (>= 7.52.0)
    - mopub-ios-sdk/Core (= 5.10.0)
  - GoogleMobileAdsMediationTestSuite (1.1.1):
    - Google-Mobile-Ads-SDK (>= 7.47.0)
    - MaterialComponents/Cards (~> 94.0)
    - MaterialComponents/Dialogs (~> 94.0)
    - "MaterialComponents/Dialogs+DialogThemer (~> 94.0)"
    - MaterialComponents/Tabs (~> 94.0)
  - GoogleUtilities/AppDelegateSwizzler (6.5.1):
    - GoogleUtilities/Environment
    - GoogleUtilities/Logger
    - GoogleUtilities/Network
  - GoogleUtilities/Environment (6.5.1)
  - GoogleUtilities/Logger (6.5.1):
    - GoogleUtilities/Environment
  - GoogleUtilities/MethodSwizzler (6.5.1):
    - GoogleUtilities/Logger
  - GoogleUtilities/Network (6.5.1):
    - GoogleUtilities/Logger
    - "GoogleUtilities/NSData+zlib"
    - GoogleUtilities/Reachability
  - "GoogleUtilities/NSData+zlib (6.5.1)"
  - GoogleUtilities/Reachability (6.5.1):
    - GoogleUtilities/Logger
  - GoogleUtilities/UserDefaults (6.5.1):
    - GoogleUtilities/Logger
  - InMobiSDK (9.0.0)
  - MaterialComponents/AnimationTiming (94.5.0)
  - MaterialComponents/Buttons (94.5.0):
    - MaterialComponents/Elevation
    - MaterialComponents/Ink
    - MaterialComponents/private/Math
    - MaterialComponents/Ripple
    - MaterialComponents/ShadowElevations
    - MaterialComponents/ShadowLayer
    - MaterialComponents/Shapes
    - MaterialComponents/Typography
    - MDFInternationalization
    - MDFTextAccessibility
  - "MaterialComponents/Buttons+ButtonThemer (94.5.0)":
    - MaterialComponents/Buttons
    - "MaterialComponents/Buttons+ColorThemer"
    - "MaterialComponents/Buttons+ShapeThemer"
    - "MaterialComponents/Buttons+TypographyThemer"
    - MaterialComponents/Palettes
  - "MaterialComponents/Buttons+ColorThemer (94.5.0)":
    - MaterialComponents/Buttons
    - MaterialComponents/schemes/Color
  - "MaterialComponents/Buttons+ShapeThemer (94.5.0)":
    - MaterialComponents/Buttons
    - MaterialComponents/schemes/Shape
  - "MaterialComponents/Buttons+TypographyThemer (94.5.0)":
    - MaterialComponents/Buttons
    - MaterialComponents/schemes/Typography
  - MaterialComponents/Cards (94.5.0):
    - MaterialComponents/Elevation
    - MaterialComponents/Ink
    - MaterialComponents/private/Icons/ic_check_circle
    - MaterialComponents/private/Math
    - MaterialComponents/Ripple
    - MaterialComponents/ShadowLayer
    - MaterialComponents/Shapes
  - MaterialComponents/Dialogs (94.5.0):
    - MaterialComponents/Buttons
    - MaterialComponents/Elevation
    - MaterialComponents/private/KeyboardWatcher
    - MaterialComponents/private/Math
    - MaterialComponents/ShadowElevations
    - MaterialComponents/ShadowLayer
    - MaterialComponents/Typography
    - MDFInternationalization
  - "MaterialComponents/Dialogs+ColorThemer (94.5.0)":
    - "MaterialComponents/Buttons+ColorThemer"
    - MaterialComponents/Dialogs
    - MaterialComponents/Themes
  - "MaterialComponents/Dialogs+DialogThemer (94.5.0)":
    - "MaterialComponents/Buttons+ButtonThemer"
    - MaterialComponents/Dialogs
    - "MaterialComponents/Dialogs+ColorThemer"
    - "MaterialComponents/Dialogs+TypographyThemer"
  - "MaterialComponents/Dialogs+TypographyThemer (94.5.0)":
    - "MaterialComponents/Buttons+TypographyThemer"
    - MaterialComponents/Dialogs
    - MaterialComponents/schemes/Typography
  - MaterialComponents/Elevation (94.5.0):
    - MaterialComponents/private/Color
    - MaterialComponents/private/Math
  - MaterialComponents/Ink (94.5.0):
    - MaterialComponents/private/Color
    - MaterialComponents/private/Math
  - MaterialComponents/Palettes (94.5.0)
  - MaterialComponents/private/Application (94.5.0)
  - MaterialComponents/private/Color (94.5.0)
  - MaterialComponents/private/Icons/Base (94.5.0)
  - MaterialComponents/private/Icons/ic_check_circle (94.5.0):
    - MaterialComponents/private/Icons/Base
  - MaterialComponents/private/KeyboardWatcher (94.5.0):
    - MaterialComponents/private/Application
  - MaterialComponents/private/Math (94.5.0)
  - MaterialComponents/Ripple (94.5.0):
    - MaterialComponents/AnimationTiming
    - MaterialComponents/private/Color
    - MaterialComponents/private/Math
  - MaterialComponents/schemes/Color (94.5.0):
    - MaterialComponents/private/Color
  - MaterialComponents/schemes/Shape (94.5.0):
    - MaterialComponents/ShapeLibrary
    - MaterialComponents/Shapes
  - MaterialComponents/schemes/Typography (94.5.0):
    - "MaterialComponents/schemes/Typography+BasicFontScheme"
    - "MaterialComponents/schemes/Typography+Scheming"
    - MaterialComponents/Typography
  - "MaterialComponents/schemes/Typography+BasicFontScheme (94.5.0)"
  - "MaterialComponents/schemes/Typography+Scheming (94.5.0)"
  - MaterialComponents/ShadowElevations (94.5.0)
  - MaterialComponents/ShadowLayer (94.5.0):
    - MaterialComponents/ShadowElevations
  - MaterialComponents/ShapeLibrary (94.5.0):
    - MaterialComponents/private/Math
    - MaterialComponents/Shapes
  - MaterialComponents/Shapes (94.5.0):
    - MaterialComponents/private/Color
    - MaterialComponents/private/Math
    - MaterialComponents/ShadowLayer
  - MaterialComponents/Tabs (94.5.0):
    - MaterialComponents/AnimationTiming
    - MaterialComponents/Elevation
    - MaterialComponents/Ink
    - MaterialComponents/Palettes
    - MaterialComponents/private/Math
    - MaterialComponents/Ripple
    - MaterialComponents/ShadowElevations
    - MaterialComponents/ShadowLayer
    - MaterialComponents/Typography
    - MDFInternationalization
  - MaterialComponents/Themes (94.5.0):
    - MaterialComponents/schemes/Color
    - MaterialComponents/schemes/Typography
  - MaterialComponents/Typography (94.5.0):
    - MaterialComponents/private/Application
    - MaterialComponents/private/Math
  - MDFInternationalization (2.0.0)
  - MDFTextAccessibility (2.0.0)
  - mopub-ios-sdk/Core (5.10.0)
  - nanopb (0.3.9011):
    - nanopb/decode (= 0.3.9011)
    - nanopb/encode (= 0.3.9011)
  - nanopb/decode (0.3.9011)
  - nanopb/encode (0.3.9011)
  - PersonalizedAdConsent (1.0.4)
  - PromisesObjC (1.2.8)
  - Protobuf (3.11.3)

DEPENDENCIES:
  - Firebase/AdMob
  - Firebase/Analytics
  - Firebase/Core
  - Firebase/Crashlytics
  - Firebase/RemoteConfig
  - GoogleMobileAdsMediationAdColony
  - GoogleMobileAdsMediationAppLovin
  - GoogleMobileAdsMediationFacebook
  - GoogleMobileAdsMediationInMobi
  - GoogleMobileAdsMediationMoPub
  - GoogleMobileAdsMediationTestSuite
  - PersonalizedAdConsent

SPEC REPOS:
  https://github.com/CocoaPods/Specs.git:
    - AdColony
    - AppLovinSDK
    - FBAudienceNetwork
    - FBSDKCoreKit
    - Firebase
    - FirebaseABTesting
    - FirebaseAnalytics
    - FirebaseAnalyticsInterop
    - FirebaseCore
    - FirebaseCoreDiagnostics
    - FirebaseCoreDiagnosticsInterop
    - FirebaseCrashlytics
    - FirebaseInstallations
    - FirebaseInstanceID
    - FirebaseRemoteConfig
    - Google-Mobile-Ads-SDK
    - GoogleAppMeasurement
    - GoogleDataTransport
    - GoogleDataTransportCCTSupport
    - GoogleMobileAdsMediationAdColony
    - GoogleMobileAdsMediationAppLovin
    - GoogleMobileAdsMediationFacebook
    - GoogleMobileAdsMediationInMobi
    - GoogleMobileAdsMediationMoPub
    - GoogleMobileAdsMediationTestSuite
    - GoogleUtilities
    - InMobiSDK
    - MaterialComponents
    - MDFInternationalization
    - MDFTextAccessibility
    - mopub-ios-sdk
    - nanopb
    - PersonalizedAdConsent
    - PromisesObjC
    - Protobuf

SPEC CHECKSUMS:
  AdColony: 9d01d79b185e1d7ffdb95244bd9be1f027d11e6c
  AppLovinSDK: 604c3120850d65f1a5c708d51a86326a52f083f5
  FBAudienceNetwork: 223ab6f31d2aed94a79a9c7ffa0fad0dee644023
  FBSDKCoreKit: fe738b172590e622c86735b45e20d196848b54df
  Firebase: 497158b816d0a86fc31babbd05546fcd7e6083ff
  FirebaseABTesting: 0d10f3cdc3fa00f3f175b5b56c1003c8e888299f
  FirebaseAnalytics: cf95d3aab897612783020fbd98401d5366f135ee
  FirebaseAnalyticsInterop: 3f86269c38ae41f47afeb43ebf32a001f58fcdae
  FirebaseCore: 85064903ed6c28e47fec9c7bd149d94ba1b6b6e7
  FirebaseCoreDiagnostics: 5e78803ab276bc5b50340e3c539c06c3de35c649
  FirebaseCoreDiagnosticsInterop: 296e2c5f5314500a850ad0b83e9e7c10b011a850
  FirebaseCrashlytics: 81ac4950302353dc6b5f8d5cc287397725b54c97
  FirebaseInstallations: 575cd32f2aec0feeb0e44f5d0110a09e5e60b47b
  FirebaseInstanceID: 6668efc1655a4052c083f287a7141f1ead12f9c2
  FirebaseRemoteConfig: c11d74d8b1ff8463b587fc8899d92ee089f9a691
  Google-Mobile-Ads-SDK: 09d1c182f144b456fce626f9234ab4d35397ea10
  GoogleAppMeasurement: d0560d915abf15e692e8538ba1d58442217b6aff
  GoogleDataTransport: 0048df6388dab1c254799f2a30365b1dffe20422
  GoogleDataTransportCCTSupport: f880d70972efa2ed1be4e9173a0f4c5f3dc2d176
  GoogleMobileAdsMediationAdColony: aeec8cf52c7adb4c35200ca27d7c2b39326d9204
  GoogleMobileAdsMediationAppLovin: 4ee8d4debe9c0d20ecb369f622d3a0c23eef5ba6
  GoogleMobileAdsMediationFacebook: fa98b95804b5191cad365b034974f99825ce7f64
  GoogleMobileAdsMediationInMobi: dc150ec9441fd9ed681efffe2c618e931a1d929b
  GoogleMobileAdsMediationMoPub: 2da3fe1802746259585edbff8aac232164c1f09c
  GoogleMobileAdsMediationTestSuite: 188825108a95af95560c355de70bbaa3b4fd1b5c
  GoogleUtilities: 06eb53bb579efe7099152735900dd04bf09e7275
  InMobiSDK: 9a2b09bc66c8d9d6906f98227fa380a8d6ac091b
  MaterialComponents: 36435454351719ef5c9bf1192a25fdcd2191c712
  MDFInternationalization: 010097556d6b09d2c4ea38e0820ea6d37be6a314
  MDFTextAccessibility: 85c09a1bd9c321f494348e632a25063bcda35a53
  mopub-ios-sdk: 3d65133b95b6498aa871a66818a11a5ba307e565
  nanopb: 18003b5e52dab79db540fe93fe9579f399bd1ccd
  PersonalizedAdConsent: 4b87320b7a0f22576bec530ae3b7adba88a24c78
  PromisesObjC: c119f3cd559f50b7ae681fa59dc1acd19173b7e6
  Protobuf: 0e94afe3b47cb11876eb6aee296638711a24bf75

PODFILE CHECKSUM: 2230d429dc894e6947cf28d273937dc62fdea945

COCOAPODS: 1.8.4
